# This file is autogenerated, do not edit; changes may be undone by the next 'dep ensure'.


[[projects]]
  digest = "1:d807ad103b0f45ea21193b98574c823f01fce73250e289d24148ed8d70c8a26b"
  name = "github.com/brutella/can"
  packages = ["."]
  pruneopts = "UT"
  revision = "2fd43cd49bca8fc4739a58d9301710439c3ca2e4"
  version = "v0.0.1"

[[projects]]
  branch = "master"
  digest = "1:e637555d566b71a6c62249b70822421492534c44ba27feac6820a52a08b78d25"
  name = "github.com/hypebeast/go-osc"
  packages = ["osc"]
  pruneopts = "UT"
  revision = "adefe22206c1207064748f0ab922a6a5f2135e7f"

[[projects]]
  branch = "master"
  digest = "1:5632b0c4d972da51b5914f09fc5c1a8535e9d8d5d937e95ef83c423a0dd67f13"
  name = "golang.org/x/sys"
  packages = ["unix"]
  pruneopts = "UT"
  revision = "fae7ac547cb717d141c433a2a173315e216b64c4"

[solve-meta]
  analyzer-name = "dep"
  analyzer-version = 1
  input-imports = [
    "github.com/brutella/can",
    "github.com/hypebeast/go-osc/osc",
  ]
  solver-name = "gps-cdcl"
  solver-version = 1
